github.com/antlr/antlr4 v0.0.0-20191217191749-ff67971f8580 h1:RlYuC6X3a1rMDn8p5S9YTlBws4aUxqiw/PBjPsD8bLk=
github.com/antlr/antlr4 v0.0.0-20191217191749-ff67971f8580/go.mod h1:T7PbCXFs94rrTttyxjbyT5+/1V8T2TYDejxUfHJjw1Y=
github.com/k0kubun/pp v3.0.1+incompatible h1:3tqvf7QgUnZ5tXO6pNAZlrvHgl6DvifjDrd9g2S9Z40=
github.com/k0kubun/pp v3.0.1+incompatible/go.mod h1:GWse8YhT0p8pT4ir3ZgBbfZild3tgzSScAn6HmfYukg=
github.com/mattn/go-colorable v0.1.4 h1:snbPLB8fVfU9iwbbo30TPtbLRzwWu6aJS6Xh4eaaviA=
github.com/mattn/go-colorable v0.1.4/go.mod h1:U0ppj6V5qS13XJ6of8GYAs25YV2eR4EVcfRqFIhoBtE=
github.com/mattn/go-isatty v0.0.8 h1:HLtExJ+uU2HOZ+wI0Tt5DtUDrx8yhUqDcp7fYERX4CE=
github.com/mattn/go-isatty v0.0.8/go.mod h1:Iq45c/XA43vh69/j3iqttzPXn0bhXyGjM0Hdxcsrc5s=
github.com/tzmfreedom/go-soapforce v0.0.0-20191110104759-5183224c84e2 h1:EAXUhOrl1Xs2BOp1fHjGXTm27Rd9zkWoCrItOwsQqC0=
github.com/tzmfreedom/go-soapforce v0.0.0-20191110104759-5183224c84e2/go.mod h1:WHOTI1Y2z1n+Iudy3LmbyC1ykj5/A547j7iBBu5XcIc=
github.com/tzmfreedom/soql-cli v0.1.0 h1:LdHlJR/q+3kAkQ45akAoVeXq2aYVe/aopKpCW5uqkAc=
github.com/tzmfreedom/soql-cli v0.1.0/go.mod h1:Hw4xhhlI3WL3feacPYW3CUGYZuSOB/gGcP9WIGZ2hLY=
github.com/tzmfreedom/soql-cli v0.1.1-0.20191130234155-df59360e0292 h1:TOytJBG/omp8J3J3yHyicHvstCzKraikJQ51bKfo97U=
github.com/tzmfreedom/soql-cli v0.1.1-0.20191130234155-df59360e0292/go.mod h1:Hw4xhhlI3WL3feacPYW3CUGYZuSOB/gGcP9WIGZ2hLY=
golang.org/x/sys v0.0.0-20190222072716-a9d3bda3a223/go.mod h1:STP8DvDyc/dI5b8T5hshtkjS+E42TnysNCUPdjciGhY=
