# This file is autogenerated, do not edit; changes may be undone by the next 'dep ensure'.


[[projects]]
  branch = "master"
  digest = "1:1ddaab0b4e8c14c6f2f4da767b83c3c7a10ebae9be0718d6f32ef0c6ffda09ad"
  name = "github.com/tzmfreedom/go-soapforce"
  packages = ["."]
  pruneopts = "UT"
  revision = "5183224c84e277a2cb0325949640ed3a34c22fd6"

[solve-meta]
  analyzer-name = "dep"
  analyzer-version = 1
  input-imports = ["github.com/tzmfreedom/go-soapforce"]
  solver-name = "gps-cdcl"
  solver-version = 1
