# This file is autogenerated, do not edit; changes may be undone by the next 'dep ensure'.


[[projects]]
  digest = "1:d04889482897652dedae6d8575b479c06fa3eb3c3abe248163b25d3df5fab43e"
  name = "github.com/antlr/antlr4"
  packages = ["runtime/Go/antlr"]
  pruneopts = "UT"
  revision = "be58ebffde8e29c154192c019608f0a5b8e6a064"
  version = "4.7.2"

[[projects]]
  digest = "1:86c75d55fde56a814f69515d092963634d6f5f6bc1c3e9091b01fbe373a9546e"
  name = "github.com/k0kubun/pp"
  packages = ["."]
  pruneopts = "UT"
  revision = "3d73dea227e0711e38b911ffa6fbafc8ff6b2991"
  version = "v3.0.1"

[[projects]]
  digest = "1:4a29eeb25603debe8f2098a9902c4d3851034cf70d33be428826e86e8c30a1b0"
  name = "github.com/mattn/go-colorable"
  packages = ["."]
  pruneopts = "UT"
  revision = "98ec13f34aabf44cc914c65a1cfb7b9bc815aef1"
  version = "v0.1.4"

[[projects]]
  digest = "1:d62282425ffb75047679d7e2c3b980eea7f82c05ef5fb9142ee617ebac6e7432"
  name = "github.com/mattn/go-isatty"
  packages = ["."]
  pruneopts = "UT"
  revision = "88ba11cfdc67c7588b30042edf244b2875f892b6"
  version = "v0.0.10"

[[projects]]
  branch = "master"
  digest = "1:1ddaab0b4e8c14c6f2f4da767b83c3c7a10ebae9be0718d6f32ef0c6ffda09ad"
  name = "github.com/tzmfreedom/go-soapforce"
  packages = ["."]
  pruneopts = "UT"
  revision = "5183224c84e277a2cb0325949640ed3a34c22fd6"

[[projects]]
  branch = "master"
  digest = "1:538bbdc4073851f4973971929378939ab4c8e4d572ad231a66678a299d22f7e4"
  name = "github.com/tzmfreedom/soql-cli"
  packages = ["parser"]
  pruneopts = "UT"
  revision = "df59360e02921e6bc670436b8de0c0dbcb10de3f"

[[projects]]
  branch = "master"
  digest = "1:72f7bc975a18badcb4b05585929a12e042ab45cb0bee781aaab8044f39bd41f5"
  name = "golang.org/x/sys"
  packages = ["unix"]
  pruneopts = "UT"
  revision = "6d18c012aee9febd81bbf9806760c8c4480e870d"

[solve-meta]
  analyzer-name = "dep"
  analyzer-version = 1
  input-imports = [
    "github.com/k0kubun/pp",
    "github.com/tzmfreedom/go-soapforce",
    "github.com/tzmfreedom/soql-cli/parser",
  ]
  solver-name = "gps-cdcl"
  solver-version = 1
